
Microsoft Visual Studio Solution File, Format Version 12.00
# Visual Studio Version 17
VisualStudioVersion = 17.3.32922.545
MinimumVisualStudioVersion = 10.0.40219.1
Project("{9A19103F-16F7-4668-BE54-9A1E7A4F7556}") = "DiagnostykaItemsAdministrationService.Api", "DiagnostykaItemsAdministrationService.Api\DiagnostykaItemsAdministrationService.Api.csproj", "{B5ADD965-E4CC-420C-804A-B061CFB34592}"
EndProject
Project("{9A19103F-16F7-4668-BE54-9A1E7A4F7556}") = "DiagnostykaItemsAdministrationService.Application", "DiagnostykaItemsAdministrationService.Application\DiagnostykaItemsAdministrationService.Application.csproj", "{F11D400F-7B04-45E9-BA59-0F30A5064B43}"
EndProject
Project("{9A19103F-16F7-4668-BE54-9A1E7A4F7556}") = "DiagnostykaItemsAdministrationService.Domain", "DiagnostykaItemsAdministrationService.Domain\DiagnostykaItemsAdministrationService.Domain.csproj", "{5F52C186-FB6C-4265-A7A0-33545E715AD4}"
EndProject
Project("{9A19103F-16F7-4668-BE54-9A1E7A4F7556}") = "DiagnostykaItemsAdministrationService.Persistence", "DiagnostykaItemsAdministrationService.Persistence\DiagnostykaItemsAdministrationService.Persistence.csproj", "{42B8E814-1826-479D-BE80-61114E518B7F}"
EndProject
Project("{2150E333-8FDC-42A3-9474-1A3956D46DE8}") = "Tests", "Tests", "{30DD752B-5222-431F-AAC5-20B13D15F8D2}"
EndProject
Project("{9A19103F-16F7-4668-BE54-9A1E7A4F7556}") = "DiagnostykaItemsAdministrationService.IntegrationTests", "DiagnostykaItemsAdministrationService.IntegrationTests\DiagnostykaItemsAdministrationService.IntegrationTests.csproj", "{CA6FAF09-688F-44E4-BA3D-BEFA585B1908}"
EndProject
Project("{9A19103F-16F7-4668-BE54-9A1E7A4F7556}") = "DiagnostykaItemsAdministrationService.UnitTests", "DiagnostykaItemsAdministrationService.UnitTests\DiagnostykaItemsAdministrationService.UnitTests.csproj", "{333C6149-C794-481C-BDBA-A89887B295C7}"
EndProject
Project("{E53339B2-1760-4266-BCC7-CA923CBCF16C}") = "docker-compose", "docker-compose.dcproj", "{CD3F41BA-55DD-4743-A2B4-21DAABC80791}"
EndProject
Global
	GlobalSection(SolutionConfigurationPlatforms) = preSolution
		Debug|Any CPU = Debug|Any CPU
		Release|Any CPU = Release|Any CPU
	EndGlobalSection
	GlobalSection(ProjectConfigurationPlatforms) = postSolution
		{B5ADD965-E4CC-420C-804A-B061CFB34592}.Debug|Any CPU.ActiveCfg = Debug|Any CPU
		{B5ADD965-E4CC-420C-804A-B061CFB34592}.Debug|Any CPU.Build.0 = Debug|Any CPU
		{B5ADD965-E4CC-420C-804A-B061CFB34592}.Release|Any CPU.ActiveCfg = Release|Any CPU
		{B5ADD965-E4CC-420C-804A-B061CFB34592}.Release|Any CPU.Build.0 = Release|Any CPU
		{F11D400F-7B04-45E9-BA59-0F30A5064B43}.Debug|Any CPU.ActiveCfg = Debug|Any CPU
		{F11D400F-7B04-45E9-BA59-0F30A5064B43}.Debug|Any CPU.Build.0 = Debug|Any CPU
		{F11D400F-7B04-45E9-BA59-0F30A5064B43}.Release|Any CPU.ActiveCfg = Release|Any CPU
		{F11D400F-7B04-45E9-BA59-0F30A5064B43}.Release|Any CPU.Build.0 = Release|Any CPU
		{5F52C186-FB6C-4265-A7A0-33545E715AD4}.Debug|Any CPU.ActiveCfg = Debug|Any CPU
		{5F52C186-FB6C-4265-A7A0-33545E715AD4}.Debug|Any CPU.Build.0 = Debug|Any CPU
		{5F52C186-FB6C-4265-A7A0-33545E715AD4}.Release|Any CPU.ActiveCfg = Release|Any CPU
		{5F52C186-FB6C-4265-A7A0-33545E715AD4}.Release|Any CPU.Build.0 = Release|Any CPU
		{42B8E814-1826-479D-BE80-61114E518B7F}.Debug|Any CPU.ActiveCfg = Debug|Any CPU
		{42B8E814-1826-479D-BE80-61114E518B7F}.Debug|Any CPU.Build.0 = Debug|Any CPU
		{42B8E814-1826-479D-BE80-61114E518B7F}.Release|Any CPU.ActiveCfg = Release|Any CPU
		{42B8E814-1826-479D-BE80-61114E518B7F}.Release|Any CPU.Build.0 = Release|Any CPU
		{CA6FAF09-688F-44E4-BA3D-BEFA585B1908}.Debug|Any CPU.ActiveCfg = Debug|Any CPU
		{CA6FAF09-688F-44E4-BA3D-BEFA585B1908}.Debug|Any CPU.Build.0 = Debug|Any CPU
		{CA6FAF09-688F-44E4-BA3D-BEFA585B1908}.Release|Any CPU.ActiveCfg = Release|Any CPU
		{CA6FAF09-688F-44E4-BA3D-BEFA585B1908}.Release|Any CPU.Build.0 = Release|Any CPU
		{333C6149-C794-481C-BDBA-A89887B295C7}.Debug|Any CPU.ActiveCfg = Debug|Any CPU
		{333C6149-C794-481C-BDBA-A89887B295C7}.Debug|Any CPU.Build.0 = Debug|Any CPU
		{333C6149-C794-481C-BDBA-A89887B295C7}.Release|Any CPU.ActiveCfg = Release|Any CPU
		{333C6149-C794-481C-BDBA-A89887B295C7}.Release|Any CPU.Build.0 = Release|Any CPU
		{CD3F41BA-55DD-4743-A2B4-21DAABC80791}.Debug|Any CPU.ActiveCfg = Debug|Any CPU
		{CD3F41BA-55DD-4743-A2B4-21DAABC80791}.Debug|Any CPU.Build.0 = Debug|Any CPU
		{CD3F41BA-55DD-4743-A2B4-21DAABC80791}.Release|Any CPU.ActiveCfg = Release|Any CPU
		{CD3F41BA-55DD-4743-A2B4-21DAABC80791}.Release|Any CPU.Build.0 = Release|Any CPU
	EndGlobalSection
	GlobalSection(SolutionProperties) = preSolution
		HideSolutionNode = FALSE
	EndGlobalSection
	GlobalSection(NestedProjects) = preSolution
		{CA6FAF09-688F-44E4-BA3D-BEFA585B1908} = {30DD752B-5222-431F-AAC5-20B13D15F8D2}
		{333C6149-C794-481C-BDBA-A89887B295C7} = {30DD752B-5222-431F-AAC5-20B13D15F8D2}
	EndGlobalSection
	GlobalSection(ExtensibilityGlobals) = postSolution
		SolutionGuid = {E57D8253-53E0-4823-BA84-38DC848B0AC8}
	EndGlobalSection
EndGlobal
